
Microsoft Visual Studio Solution File, Format Version 12.00
# Visual Studio Version 17
VisualStudioVersion = 17.4.33213.308
MinimumVisualStudioVersion = 10.0.40219.1
Project("{FAE04EC0-301F-11D3-BF4B-00C04F79EFBC}") = "Empty", "Empty\Empty.csproj", "{D2675288-05CF-4650-984C-F003A147673A}"
EndProject
Global
	GlobalSection(SolutionConfigurationPlatforms) = preSolution
		Debug|Any CPU = Debug|Any CPU
		Release|Any CPU = Release|Any CPU
	EndGlobalSection
	GlobalSection(ProjectConfigurationPlatforms) = postSolution
		{D2675288-05CF-4650-984C-F003A147673A}.Debug|Any CPU.ActiveCfg = Debug|Any CPU
		{D2675288-05CF-4650-984C-F003A147673A}.Debug|Any CPU.Build.0 = Debug|Any CPU
		{D2675288-05CF-4650-984C-F003A147673A}.Release|Any CPU.ActiveCfg = Release|Any CPU
		{D2675288-05CF-4650-984C-F003A147673A}.Release|Any CPU.Build.0 = Release|Any CPU
	EndGlobalSection
	GlobalSection(SolutionProperties) = preSolution
		HideSolutionNode = FALSE
	EndGlobalSection
	GlobalSection(ExtensibilityGlobals) = postSolution
		SolutionGuid = {BC117F2B-0D74-45FC-AD60-555FD3C82FA2}
	EndGlobalSection
EndGlobal
